
Microsoft Visual Studio Solution File, Format Version 12.00
# Visual Studio Version 16
VisualStudioVersion = 16.0.31005.135
MinimumVisualStudioVersion = 10.0.40219.1
Project("{FAE04EC0-301F-11D3-BF4B-00C04F79EFBC}") = "Week08", "Week08\Week08.csproj", "{094A69C3-41BF-47BD-9266-98B58D852E8B}"
EndProject
Global
	GlobalSection(SolutionConfigurationPlatforms) = preSolution
		Debug|Any CPU = Debug|Any CPU
		Release|Any CPU = Release|Any CPU
	EndGlobalSection
	GlobalSection(ProjectConfigurationPlatforms) = postSolution
		{094A69C3-41BF-47BD-9266-98B58D852E8B}.Debug|Any CPU.ActiveCfg = Debug|Any CPU
		{094A69C3-41BF-47BD-9266-98B58D852E8B}.Debug|Any CPU.Build.0 = Debug|Any CPU
		{094A69C3-41BF-47BD-9266-98B58D852E8B}.Release|Any CPU.ActiveCfg = Release|Any CPU
		{094A69C3-41BF-47BD-9266-98B58D852E8B}.Release|Any CPU.Build.0 = Release|Any CPU
	EndGlobalSection
	GlobalSection(SolutionProperties) = preSolution
		HideSolutionNode = FALSE
	EndGlobalSection
	GlobalSection(ExtensibilityGlobals) = postSolution
		SolutionGuid = {15CF653B-470F-4DF5-B0F5-F0D9D87C9244}
	EndGlobalSection
EndGlobal
